// !$*UTF8*$!
{
	archiveVersion = 1;
	classes = {
	};
	objectVersion = 55;
	objects = {

/* Begin PBXBuildFile section */
		943420FD28C8979D00FB4183 /* AppDelegate.swift in Sources */ = {isa = PBXBuildFile; fileRef = 943420FC28C8979D00FB4183 /* AppDelegate.swift */; };
		943420FF28C8979D00FB4183 /* SceneDelegate.swift in Sources */ = {isa = PBXBuildFile; fileRef = 943420FE28C8979D00FB4183 /* SceneDelegate.swift */; };
		9434210128C8979D00FB4183 /* ViewController.swift in Sources */ = {isa = PBXBuildFile; fileRef = 9434210028C8979D00FB4183 /* ViewController.swift */; };
		9434210428C8979D00FB4183 /* Main.storyboard in Resources */ = {isa = PBXBuildFile; fileRef = 9434210228C8979D00FB4183 /* Main.storyboard */; };
		9434210628C8979F00FB4183 /* Assets.xcassets in Resources */ = {isa = PBXBuildFile; fileRef = 9434210528C8979F00FB4183 /* Assets.xcassets */; };
		9434210928C8979F00FB4183 /* LaunchScreen.storyboard in Resources */ = {isa = PBXBuildFile; fileRef = 9434210728C8979F00FB4183 /* LaunchScreen.storyboard */; };
		9434211328C8C38E00FB4183 /* DBManager.swift in Sources */ = {isa = PBXBuildFile; fileRef = 9434211228C8C38E00FB4183 /* DBManager.swift */; };
		9434211528C8C98700FB4183 /* Person.swift in Sources */ = {isa = PBXBuildFile; fileRef = 9434211428C8C98700FB4183 /* Person.swift */; };
		9434211728C9CD3F00FB4183 /* BodyView.swift in Sources */ = {isa = PBXBuildFile; fileRef = 9434211628C9CD3F00FB4183 /* BodyView.swift */; };
/* End PBXBuildFile section */

/* Begin PBXFileReference section */
		943420F928C8979D00FB4183 /* TestSQLite.app */ = {isa = PBXFileReference; explicitFileType = wrapper.application; includeInIndex = 0; path = TestSQLite.app; sourceTree = BUILT_PRODUCTS_DIR; };
		943420FC28C8979D00FB4183 /* AppDelegate.swift */ = {isa = PBXFileReference; lastKnownFileType = sourcecode.swift; path = AppDelegate.swift; sourceTree = "<group>"; };
		943420FE28C8979D00FB4183 /* SceneDelegate.swift */ = {isa = PBXFileReference; lastKnownFileType = sourcecode.swift; path = SceneDelegate.swift; sourceTree = "<group>"; };
		9434210028C8979D00FB4183 /* ViewController.swift */ = {isa = PBXFileReference; lastKnownFileType = sourcecode.swift; path = ViewController.swift; sourceTree = "<group>"; };
		9434210328C8979D00FB4183 /* Base */ = {isa = PBXFileReference; lastKnownFileType = file.storyboard; name = Base; path = Base.lproj/Main.storyboard; sourceTree = "<group>"; };
		9434210528C8979F00FB4183 /* Assets.xcassets */ = {isa = PBXFileReference; lastKnownFileType = folder.assetcatalog; path = Assets.xcassets; sourceTree = "<group>"; };
		9434210828C8979F00FB4183 /* Base */ = {isa = PBXFileReference; lastKnownFileType = file.storyboard; name = Base; path = Base.lproj/LaunchScreen.storyboard; sourceTree = "<group>"; };
		9434210A28C8979F00FB4183 /* Info.plist */ = {isa = PBXFileReference; lastKnownFileType = text.plist.xml; path = Info.plist; sourceTree = "<group>"; };
		9434211128C897B300FB4183 /* libsqlite3.0.tbd */ = {isa = PBXFileReference; lastKnownFileType = "sourcecode.text-based-dylib-definition"; name = libsqlite3.0.tbd; path = usr/lib/libsqlite3.0.tbd; sourceTree = SDKROOT; };
		9434211228C8C38E00FB4183 /* DBManager.swift */ = {isa = PBXFileReference; lastKnownFileType = sourcecode.swift; path = DBManager.swift; sourceTree = "<group>"; };
		9434211428C8C98700FB4183 /* Person.swift */ = {isa = PBXFileReference; lastKnownFileType = sourcecode.swift; path = Person.swift; sourceTree = "<group>"; };
		9434211628C9CD3F00FB4183 /* BodyView.swift */ = {isa = PBXFileReference; lastKnownFileType = sourcecode.swift; path = BodyView.swift; sourceTree = "<group>"; };
/* End PBXFileReference section */

/* Begin PBXFrameworksBuildPhase section */
		943420F628C8979D00FB4183 /* Frameworks */ = {
			isa = PBXFrameworksBuildPhase;
			buildActionMask = 2147483647;
			files = (
			);
			runOnlyForDeploymentPostprocessing = 0;
		};
/* End PBXFrameworksBuildPhase section */

/* Begin PBXGroup section */
		943420F028C8979D00FB4183 = {
			isa = PBXGroup;
			children = (
				943420FB28C8979D00FB4183 /* TestSQLite */,
				943420FA28C8979D00FB4183 /* Products */,
				9434211028C897B300FB4183 /* Frameworks */,
			);
			sourceTree = "<group>";
		};
		943420FA28C8979D00FB4183 /* Products */ = {
			isa = PBXGroup;
			children = (
				943420F928C8979D00FB4183 /* TestSQLite.app */,
			);
			name = Products;
			sourceTree = "<group>";
		};
		943420FB28C8979D00FB4183 /* TestSQLite */ = {
			isa = PBXGroup;
			children = (
				943420FC28C8979D00FB4183 /* AppDelegate.swift */,
				943420FE28C8979D00FB4183 /* SceneDelegate.swift */,
				9434211828C9CE0300FB4183 /* model */,
				9434211928C9CE2400FB4183 /* view */,
				9434211A28C9CE3200FB4183 /* resources */,
			);
			path = TestSQLite;
			sourceTree = "<group>";
		};
		9434211028C897B300FB4183 /* Frameworks */ = {
			isa = PBXGroup;
			children = (
				9434211128C897B300FB4183 /* libsqlite3.0.tbd */,
			);
			name = Frameworks;
			sourceTree = "<group>";
		};
		9434211828C9CE0300FB4183 /* model */ = {
			isa = PBXGroup;
			children = (
				9434211228C8C38E00FB4183 /* DBManager.swift */,
				9434211428C8C98700FB4183 /* Person.swift */,
			);
			path = model;
			sourceTree = "<group>";
		};
		9434211928C9CE2400FB4183 /* view */ = {
			isa = PBXGroup;
			children = (
				9434210028C8979D00FB4183 /* ViewController.swift */,
				9434211628C9CD3F00FB4183 /* BodyView.swift */,
			);
			path = view;
			sourceTree = "<group>";
		};
		9434211A28C9CE3200FB4183 /* resources */ = {
			isa = PBXGroup;
			children = (
				9434210728C8979F00FB4183 /* LaunchScreen.storyboard */,
				9434210A28C8979F00FB4183 /* Info.plist */,
				9434210228C8979D00FB4183 /* Main.storyboard */,
				9434210528C8979F00FB4183 /* Assets.xcassets */,
			);
			name = resources;
			sourceTree = "<group>";
		};
/* End PBXGroup section */

/* Begin PBXNativeTarget section */
		943420F828C8979D00FB4183 /* TestSQLite */ = {
			isa = PBXNativeTarget;
			buildConfigurationList = 9434210D28C8979F00FB4183 /* Build configuration list for PBXNativeTarget "TestSQLite" */;
			buildPhases = (
				943420F528C8979D00FB4183 /* Sources */,
				943420F628C8979D00FB4183 /* Frameworks */,
				943420F728C8979D00FB4183 /* Resources */,
			);
			buildRules = (
			);
			dependencies = (
			);
			name = TestSQLite;
			productName = TestSQLite;
			productReference = 943420F928C8979D00FB4183 /* TestSQLite.app */;
			productType = "com.apple.product-type.application";
		};
/* End PBXNativeTarget section */

/* Begin PBXProject section */
		943420F128C8979D00FB4183 /* Project object */ = {
			isa = PBXProject;
			attributes = {
				BuildIndependentTargetsInParallel = 1;
				LastSwiftUpdateCheck = 1340;
				LastUpgradeCheck = 1340;
				TargetAttributes = {
					943420F828C8979D00FB4183 = {
						CreatedOnToolsVersion = 13.4.1;
					};
				};
			};
			buildConfigurationList = 943420F428C8979D00FB4183 /* Build configuration list for PBXProject "TestSQLite" */;
			compatibilityVersion = "Xcode 13.0";
			developmentRegion = en;
			hasScannedForEncodings = 0;
			knownRegions = (
				en,
				Base,
			);
			mainGroup = 943420F028C8979D00FB4183;
			productRefGroup = 943420FA28C8979D00FB4183 /* Products */;
			projectDirPath = "";
			projectRoot = "";
			targets = (
				943420F828C8979D00FB4183 /* TestSQLite */,
			);
		};
/* End PBXProject section */

/* Begin PBXResourcesBuildPhase section */
		943420F728C8979D00FB4183 /* Resources */ = {
			isa = PBXResourcesBuildPhase;
			buildActionMask = 2147483647;
			files = (
				9434210928C8979F00FB4183 /* LaunchScreen.storyboard in Resources */,
				9434210628C8979F00FB4183 /* Assets.xcassets in Resources */,
				9434210428C8979D00FB4183 /* Main.storyboard in Resources */,
			);
			runOnlyForDeploymentPostprocessing = 0;
		};
/* End PBXResourcesBuildPhase section */

/* Begin PBXSourcesBuildPhase section */
		943420F528C8979D00FB4183 /* Sources */ = {
			isa = PBXSourcesBuildPhase;
			buildActionMask = 2147483647;
			files = (
				9434211528C8C98700FB4183 /* Person.swift in Sources */,
				9434210128C8979D00FB4183 /* ViewController.swift in Sources */,
				9434211728C9CD3F00FB4183 /* BodyView.swift in Sources */,
				943420FD28C8979D00FB4183 /* AppDelegate.swift in Sources */,
				943420FF28C8979D00FB4183 /* SceneDelegate.swift in Sources */,
				9434211328C8C38E00FB4183 /* DBManager.swift in Sources */,
			);
			runOnlyForDeploymentPostprocessing = 0;
		};
/* End PBXSourcesBuildPhase section */

/* Begin PBXVariantGroup section */
		9434210228C8979D00FB4183 /* Main.storyboard */ = {
			isa = PBXVariantGroup;
			children = (
				9434210328C8979D00FB4183 /* Base */,
			);
			name = Main.storyboard;
			sourceTree = "<group>";
		};
		9434210728C8979F00FB4183 /* LaunchScreen.storyboard */ = {
			isa = PBXVariantGroup;
			children = (
				9434210828C8979F00FB4183 /* Base */,
			);
			name = LaunchScreen.storyboard;
			sourceTree = "<group>";
		};
/* End PBXVariantGroup section */

/* Begin XCBuildConfiguration section */
		9434210B28C8979F00FB4183 /* Debug */ = {
			isa = XCBuildConfiguration;
			buildSettings = {
				ALWAYS_SEARCH_USER_PATHS = NO;
				CLANG_ANALYZER_NONNULL = YES;
				CLANG_ANALYZER_NUMBER_OBJECT_CONVERSION = YES_AGGRESSIVE;
				CLANG_CXX_LANGUAGE_STANDARD = "gnu++17";
				CLANG_ENABLE_MODULES = YES;
				CLANG_ENABLE_OBJC_ARC = YES;
				CLANG_ENABLE_OBJC_WEAK = YES;
				CLANG_WARN_BLOCK_CAPTURE_AUTORELEASING = YES;
				CLANG_WARN_BOOL_CONVERSION = YES;
				CLANG_WARN_COMMA = YES;
				CLANG_WARN_CONSTANT_CONVERSION = YES;
				CLANG_WARN_DEPRECATED_OBJC_IMPLEMENTATIONS = YES;
				CLANG_WARN_DIRECT_OBJC_ISA_USAGE = YES_ERROR;
				CLANG_WARN_DOCUMENTATION_COMMENTS = YES;
				CLANG_WARN_EMPTY_BODY = YES;
				CLANG_WARN_ENUM_CONVERSION = YES;
				CLANG_WARN_INFINITE_RECURSION = YES;
				CLANG_WARN_INT_CONVERSION = YES;
				CLANG_WARN_NON_LITERAL_NULL_CONVERSION = YES;
				CLANG_WARN_OBJC_IMPLICIT_RETAIN_SELF = YES;
				CLANG_WARN_OBJC_LITERAL_CONVERSION = YES;
				CLANG_WARN_OBJC_ROOT_CLASS = YES_ERROR;
				CLANG_WARN_QUOTED_INCLUDE_IN_FRAMEWORK_HEADER = YES;
				CLANG_WARN_RANGE_LOOP_ANALYSIS = YES;
				CLANG_WARN_STRICT_PROTOTYPES = YES;
				CLANG_WARN_SUSPICIOUS_MOVE = YES;
				CLANG_WARN_UNGUARDED_AVAILABILITY = YES_AGGRESSIVE;
				CLANG_WARN_UNREACHABLE_CODE = YES;
				CLANG_WARN__DUPLICATE_METHOD_MATCH = YES;
				COPY_PHASE_STRIP = NO;
				DEBUG_INFORMATION_FORMAT = dwarf;
				ENABLE_STRICT_OBJC_MSGSEND = YES;
				ENABLE_TESTABILITY = YES;
				GCC_C_LANGUAGE_STANDARD = gnu11;
				GCC_DYNAMIC_NO_PIC = NO;
				GCC_NO_COMMON_BLOCKS = YES;
				GCC_OPTIMIZATION_LEVEL = 0;
				GCC_PREPROCESSOR_DEFINITIONS = (
					"DEBUG=1",
					"$(inherited)",
				);
				GCC_WARN_64_TO_32_BIT_CONVERSION = YES;
				GCC_WARN_ABOUT_RETURN_TYPE = YES_ERROR;
				GCC_WARN_UNDECLARED_SELECTOR = YES;
				GCC_WARN_UNINITIALIZED_AUTOS = YES_AGGRESSIVE;
				GCC_WARN_UNUSED_FUNCTION = YES;
				GCC_WARN_UNUSED_VARIABLE = YES;
				IPHONEOS_DEPLOYMENT_TARGET = 15.5;
				MTL_ENABLE_DEBUG_INFO = INCLUDE_SOURCE;
				MTL_FAST_MATH = YES;
				ONLY_ACTIVE_ARCH = YES;
				SDKROOT = iphoneos;
				SWIFT_ACTIVE_COMPILATION_CONDITIONS = DEBUG;
				SWIFT_OPTIMIZATION_LEVEL = "-Onone";
			};
			name = Debug;
		};
		9434210C28C8979F00FB4183 /* Release */ = {
			isa = XCBuildConfiguration;
			buildSettings = {
				ALWAYS_SEARCH_USER_PATHS = NO;
				CLANG_ANALYZER_NONNULL = YES;
				CLANG_ANALYZER_NUMBER_OBJECT_CONVERSION = YES_AGGRESSIVE;
				CLANG_CXX_LANGUAGE_STANDARD = "gnu++17";
				CLANG_ENABLE_MODULES = YES;
				CLANG_ENABLE_OBJC_ARC = YES;
				CLANG_ENABLE_OBJC_WEAK = YES;
				CLANG_WARN_BLOCK_CAPTURE_AUTORELEASING = YES;
				CLANG_WARN_BOOL_CONVERSION = YES;
				CLANG_WARN_COMMA = YES;
				CLANG_WARN_CONSTANT_CONVERSION = YES;
				CLANG_WARN_DEPRECATED_OBJC_IMPLEMENTATIONS = YES;
				CLANG_WARN_DIRECT_OBJC_ISA_USAGE = YES_ERROR;
				CLANG_WARN_DOCUMENTATION_COMMENTS = YES;
				CLANG_WARN_EMPTY_BODY = YES;
				CLANG_WARN_ENUM_CONVERSION = YES;
				CLANG_WARN_INFINITE_RECURSION = YES;
				CLANG_WARN_INT_CONVERSION = YES;
				CLANG_WARN_NON_LITERAL_NULL_CONVERSION = YES;
				CLANG_WARN_OBJC_IMPLICIT_RETAIN_SELF = YES;
				CLANG_WARN_OBJC_LITERAL_CONVERSION = YES;
				CLANG_WARN_OBJC_ROOT_CLASS = YES_ERROR;
				CLANG_WARN_QUOTED_INCLUDE_IN_FRAMEWORK_HEADER = YES;
				CLANG_WARN_RANGE_LOOP_ANALYSIS = YES;
				CLANG_WARN_STRICT_PROTOTYPES = YES;
				CLANG_WARN_SUSPICIOUS_MOVE = YES;
				CLANG_WARN_UNGUARDED_AVAILABILITY = YES_AGGRESSIVE;
				CLANG_WARN_UNREACHABLE_CODE = YES;
				CLANG_WARN__DUPLICATE_METHOD_MATCH = YES;
				COPY_PHASE_STRIP = NO;
				DEBUG_INFORMATION_FORMAT = "dwarf-with-dsym";
				ENABLE_NS_ASSERTIONS = NO;
				ENABLE_STRICT_OBJC_MSGSEND = YES;
				GCC_C_LANGUAGE_STANDARD = gnu11;
				GCC_NO_COMMON_BLOCKS = YES;
				GCC_WARN_64_TO_32_BIT_CONVERSION = YES;
				GCC_WARN_ABOUT_RETURN_TYPE = YES_ERROR;
				GCC_WARN_UNDECLARED_SELECTOR = YES;
				GCC_WARN_UNINITIALIZED_AUTOS = YES_AGGRESSIVE;
				GCC_WARN_UNUSED_FUNCTION = YES;
				GCC_WARN_UNUSED_VARIABLE = YES;
				IPHONEOS_DEPLOYMENT_TARGET = 15.5;
				MTL_ENABLE_DEBUG_INFO = NO;
				MTL_FAST_MATH = YES;
				SDKROOT = iphoneos;
				SWIFT_COMPILATION_MODE = wholemodule;
				SWIFT_OPTIMIZATION_LEVEL = "-O";
				VALIDATE_PRODUCT = YES;
			};
			name = Release;
		};
		9434210E28C8979F00FB4183 /* Debug */ = {
			isa = XCBuildConfiguration;
			buildSettings = {
				ASSETCATALOG_COMPILER_APPICON_NAME = AppIcon;
				ASSETCATALOG_COMPILER_GLOBAL_ACCENT_COLOR_NAME = AccentColor;
				CODE_SIGN_STYLE = Automatic;
				CURRENT_PROJECT_VERSION = 1;
				GENERATE_INFOPLIST_FILE = YES;
				INFOPLIST_FILE = TestSQLite/Info.plist;
				INFOPLIST_KEY_UIApplicationSupportsIndirectInputEvents = YES;
				INFOPLIST_KEY_UILaunchStoryboardName = LaunchScreen;
				INFOPLIST_KEY_UIMainStoryboardFile = Main;
				INFOPLIST_KEY_UISupportedInterfaceOrientations_iPad = "UIInterfaceOrientationPortrait UIInterfaceOrientationPortraitUpsideDown UIInterfaceOrientationLandscapeLeft UIInterfaceOrientationLandscapeRight";
				INFOPLIST_KEY_UISupportedInterfaceOrientations_iPhone = "UIInterfaceOrientationPortrait UIInterfaceOrientationLandscapeLeft UIInterfaceOrientationLandscapeRight";
				IPHONEOS_DEPLOYMENT_TARGET = 13.0;
				LD_RUNPATH_SEARCH_PATHS = (
					"$(inherited)",
					"@executable_path/Frameworks",
				);
				MARKETING_VERSION = 1.0;
				PRODUCT_BUNDLE_IDENTIFIER = com.beforeold.TestSQLite;
				PRODUCT_NAME = "$(TARGET_NAME)";
				SWIFT_EMIT_LOC_STRINGS = YES;
				SWIFT_VERSION = 5.0;
				TARGETED_DEVICE_FAMILY = "1,2";
			};
			name = Debug;
		};
		9434210F28C8979F00FB4183 /* Release */ = {
			isa = XCBuildConfiguration;
			buildSettings = {
				ASSETCATALOG_COMPILER_APPICON_NAME = AppIcon;
				ASSETCATALOG_COMPILER_GLOBAL_ACCENT_COLOR_NAME = AccentColor;
				CODE_SIGN_STYLE = Automatic;
				CURRENT_PROJECT_VERSION = 1;
				GENERATE_INFOPLIST_FILE = YES;
				INFOPLIST_FILE = TestSQLite/Info.plist;
				INFOPLIST_KEY_UIApplicationSupportsIndirectInputEvents = YES;
				INFOPLIST_KEY_UILaunchStoryboardName = LaunchScreen;
				INFOPLIST_KEY_UIMainStoryboardFile = Main;
				INFOPLIST_KEY_UISupportedInterfaceOrientations_iPad = "UIInterfaceOrientationPortrait UIInterfaceOrientationPortraitUpsideDown UIInterfaceOrientationLandscapeLeft UIInterfaceOrientationLandscapeRight";
				INFOPLIST_KEY_UISupportedInterfaceOrientations_iPhone = "UIInterfaceOrientationPortrait UIInterfaceOrientationLandscapeLeft UIInterfaceOrientationLandscapeRight";
				IPHONEOS_DEPLOYMENT_TARGET = 13.0;
				LD_RUNPATH_SEARCH_PATHS = (
					"$(inherited)",
					"@executable_path/Frameworks",
				);
				MARKETING_VERSION = 1.0;
				PRODUCT_BUNDLE_IDENTIFIER = com.beforeold.TestSQLite;
				PRODUCT_NAME = "$(TARGET_NAME)";
				SWIFT_EMIT_LOC_STRINGS = YES;
				SWIFT_VERSION = 5.0;
				TARGETED_DEVICE_FAMILY = "1,2";
			};
			name = Release;
		};
/* End XCBuildConfiguration section */

/* Begin XCConfigurationList section */
		943420F428C8979D00FB4183 /* Build configuration list for PBXProject "TestSQLite" */ = {
			isa = XCConfigurationList;
			buildConfigurations = (
				9434210B28C8979F00FB4183 /* Debug */,
				9434210C28C8979F00FB4183 /* Release */,
			);
			defaultConfigurationIsVisible = 0;
			defaultConfigurationName = Release;
		};
		9434210D28C8979F00FB4183 /* Build configuration list for PBXNativeTarget "TestSQLite" */ = {
			isa = XCConfigurationList;
			buildConfigurations = (
				9434210E28C8979F00FB4183 /* Debug */,
				9434210F28C8979F00FB4183 /* Release */,
			);
			defaultConfigurationIsVisible = 0;
			defaultConfigurationName = Release;
		};
/* End XCConfigurationList section */
	};
	rootObject = 943420F128C8979D00FB4183 /* Project object */;
}
